
Microsoft Visual Studio Solution File, Format Version 12.00
# Visual Studio Version 17
VisualStudioVersion = 17.13.35825.156 d17.13
MinimumVisualStudioVersion = 10.0.40219.1
Project("{FAE04EC0-301F-11D3-BF4B-00C04F79EFBC}") = "JogoDaForca.ConsoleApp", "JogoDaForca.ConsoleApp\JogoDaForca.ConsoleApp.csproj", "{08D2F322-5C56-4F4A-BD64-9860BA70AF9F}"
EndProject
Global
	GlobalSection(SolutionConfigurationPlatforms) = preSolution
		Debug|Any CPU = Debug|Any CPU
		Release|Any CPU = Release|Any CPU
	EndGlobalSection
	GlobalSection(ProjectConfigurationPlatforms) = postSolution
		{08D2F322-5C56-4F4A-BD64-9860BA70AF9F}.Debug|Any CPU.ActiveCfg = Debug|Any CPU
		{08D2F322-5C56-4F4A-BD64-9860BA70AF9F}.Debug|Any CPU.Build.0 = Debug|Any CPU
		{08D2F322-5C56-4F4A-BD64-9860BA70AF9F}.Release|Any CPU.ActiveCfg = Release|Any CPU
		{08D2F322-5C56-4F4A-BD64-9860BA70AF9F}.Release|Any CPU.Build.0 = Release|Any CPU
	EndGlobalSection
	GlobalSection(SolutionProperties) = preSolution
		HideSolutionNode = FALSE
	EndGlobalSection
	GlobalSection(ExtensibilityGlobals) = postSolution
		SolutionGuid = {DEAD9896-F471-48DE-AF34-710EB4DFCC4D}
	EndGlobalSection
EndGlobal
